
Microsoft Visual Studio Solution File, Format Version 12.00
# Visual Studio Version 17
VisualStudioVersion = 17.8.34330.188
MinimumVisualStudioVersion = 10.0.40219.1
Project("{FAE04EC0-301F-11D3-BF4B-00C04F79EFBC}") = "double-check-qrcode-inner-nb805mcba", "double-check-qrcode-inner-nb805mcba\double-check-qrcode-inner-nb805mcba.csproj", "{C67277CE-C03B-4A95-A582-B63FB8C1C1D0}"
EndProject
Global
	GlobalSection(SolutionConfigurationPlatforms) = preSolution
		Debug|Any CPU = Debug|Any CPU
		Release|Any CPU = Release|Any CPU
	EndGlobalSection
	GlobalSection(ProjectConfigurationPlatforms) = postSolution
		{C67277CE-C03B-4A95-A582-B63FB8C1C1D0}.Debug|Any CPU.ActiveCfg = Debug|Any CPU
		{C67277CE-C03B-4A95-A582-B63FB8C1C1D0}.Debug|Any CPU.Build.0 = Debug|Any CPU
		{C67277CE-C03B-4A95-A582-B63FB8C1C1D0}.Release|Any CPU.ActiveCfg = Release|Any CPU
		{C67277CE-C03B-4A95-A582-B63FB8C1C1D0}.Release|Any CPU.Build.0 = Release|Any CPU
	EndGlobalSection
	GlobalSection(SolutionProperties) = preSolution
		HideSolutionNode = FALSE
	EndGlobalSection
	GlobalSection(ExtensibilityGlobals) = postSolution
		SolutionGuid = {85F0E1CD-416D-4E14-9A40-7B8EE350F32A}
	EndGlobalSection
EndGlobal
